PODS:
  - GoogleMaps (9.4.0):
    - GoogleMaps/Maps (= 9.4.0)
  - GoogleMaps/Maps (9.4.0)

DEPENDENCIES:
  - GoogleMaps

SPEC REPOS:
  trunk:
    - GoogleMaps

SPEC CHECKSUMS:
  GoogleMaps: 0608099d4870cac8754bdba9b6953db543432438

PODFILE CHECKSUM: 321efc0632fbb4a6eece0ce655357ea560cff424

COCOAPODS: 1.16.2
