// !$*UTF8*$!
{
	archiveVersion = 1;
	classes = {
	};
	objectVersion = 51;
	objects = {

/* Begin PBXBuildFile section */
		16400C0441A5F6797A79491E /* Pods_work.framework in Frameworks */ = {isa = PBXBuildFile; fileRef = 8193F02EFE94A8EA1D4C3725 /* Pods_work.framework */; };
		92039FC224FD52E6002A0637 /* InputField.swift in Sources */ = {isa = PBXBuildFile; fileRef = 92039FC124FD52E6002A0637 /* InputField.swift */; };
		92177D3224F5B72F00AD45C6 /* PasswordViewController.swift in Sources */ = {isa = PBXBuildFile; fileRef = 92177D3124F5B72F00AD45C6 /* PasswordViewController.swift */; };
		92177D3424F5C52700AD45C6 /* HomeViewController.swift in Sources */ = {isa = PBXBuildFile; fileRef = 92177D3324F5C52700AD45C6 /* HomeViewController.swift */; };
		922DCA5826B7856B009BB3D6 /* InputField.xib in Resources */ = {isa = PBXBuildFile; fileRef = 922DCA5626B77897009BB3D6 /* InputField.xib */; };
		922DCA5926B78598009BB3D6 /* Main.storyboard in Resources */ = {isa = PBXBuildFile; fileRef = 929423A124F2912B008B6B28 /* Main.storyboard */; };
		92454B9424F4F3A50068C227 /* NameViewController.swift in Sources */ = {isa = PBXBuildFile; fileRef = 92454B9324F4F3A50068C227 /* NameViewController.swift */; };
		92454B9624F574B60068C227 /* EmailViewController.swift in Sources */ = {isa = PBXBuildFile; fileRef = 92454B9524F574B60068C227 /* EmailViewController.swift */; };
		9294239C24F2912B008B6B28 /* AppDelegate.swift in Sources */ = {isa = PBXBuildFile; fileRef = 9294239B24F2912B008B6B28 /* AppDelegate.swift */; };
		9294239E24F2912B008B6B28 /* SceneDelegate.swift in Sources */ = {isa = PBXBuildFile; fileRef = 9294239D24F2912B008B6B28 /* SceneDelegate.swift */; };
		929423A024F2912B008B6B28 /* ViewController.swift in Sources */ = {isa = PBXBuildFile; fileRef = 9294239F24F2912B008B6B28 /* ViewController.swift */; };
		929423A524F29130008B6B28 /* Assets.xcassets in Resources */ = {isa = PBXBuildFile; fileRef = 929423A424F29130008B6B28 /* Assets.xcassets */; };
		929423A824F29130008B6B28 /* LaunchScreen.storyboard in Resources */ = {isa = PBXBuildFile; fileRef = 929423A624F29130008B6B28 /* LaunchScreen.storyboard */; };
/* End PBXBuildFile section */

/* Begin PBXFileReference section */
		06B302982B41201CB4A05FCF /* Pods-work.debug.xcconfig */ = {isa = PBXFileReference; includeInIndex = 1; lastKnownFileType = text.xcconfig; name = "Pods-work.debug.xcconfig"; path = "Target Support Files/Pods-work/Pods-work.debug.xcconfig"; sourceTree = "<group>"; };
		2A117BCEAB915EC54A004ECF /* Pods-work.release.xcconfig */ = {isa = PBXFileReference; includeInIndex = 1; lastKnownFileType = text.xcconfig; name = "Pods-work.release.xcconfig"; path = "Target Support Files/Pods-work/Pods-work.release.xcconfig"; sourceTree = "<group>"; };
		8193F02EFE94A8EA1D4C3725 /* Pods_work.framework */ = {isa = PBXFileReference; explicitFileType = wrapper.framework; includeInIndex = 0; path = Pods_work.framework; sourceTree = BUILT_PRODUCTS_DIR; };
		92039FC124FD52E6002A0637 /* InputField.swift */ = {isa = PBXFileReference; lastKnownFileType = sourcecode.swift; path = InputField.swift; sourceTree = "<group>"; };
		92177D3124F5B72F00AD45C6 /* PasswordViewController.swift */ = {isa = PBXFileReference; lastKnownFileType = sourcecode.swift; path = PasswordViewController.swift; sourceTree = "<group>"; };
		92177D3324F5C52700AD45C6 /* HomeViewController.swift */ = {isa = PBXFileReference; lastKnownFileType = sourcecode.swift; path = HomeViewController.swift; sourceTree = "<group>"; };
		922DCA5626B77897009BB3D6 /* InputField.xib */ = {isa = PBXFileReference; lastKnownFileType = file.xib; path = InputField.xib; sourceTree = "<group>"; };
		92454B9324F4F3A50068C227 /* NameViewController.swift */ = {isa = PBXFileReference; lastKnownFileType = sourcecode.swift; path = NameViewController.swift; sourceTree = "<group>"; };
		92454B9524F574B60068C227 /* EmailViewController.swift */ = {isa = PBXFileReference; lastKnownFileType = sourcecode.swift; path = EmailViewController.swift; sourceTree = "<group>"; };
		9294239824F2912B008B6B28 /* Bike Share App.app */ = {isa = PBXFileReference; explicitFileType = wrapper.application; includeInIndex = 0; path = "Bike Share App.app"; sourceTree = BUILT_PRODUCTS_DIR; };
		9294239B24F2912B008B6B28 /* AppDelegate.swift */ = {isa = PBXFileReference; lastKnownFileType = sourcecode.swift; path = AppDelegate.swift; sourceTree = "<group>"; };
		9294239D24F2912B008B6B28 /* SceneDelegate.swift */ = {isa = PBXFileReference; lastKnownFileType = sourcecode.swift; path = SceneDelegate.swift; sourceTree = "<group>"; };
		9294239F24F2912B008B6B28 /* ViewController.swift */ = {isa = PBXFileReference; lastKnownFileType = sourcecode.swift; path = ViewController.swift; sourceTree = "<group>"; };
		929423A224F2912B008B6B28 /* Base */ = {isa = PBXFileReference; lastKnownFileType = file.storyboard; name = Base; path = Base.lproj/Main.storyboard; sourceTree = "<group>"; };
		929423A424F29130008B6B28 /* Assets.xcassets */ = {isa = PBXFileReference; lastKnownFileType = folder.assetcatalog; path = Assets.xcassets; sourceTree = "<group>"; };
		929423A724F29130008B6B28 /* Base */ = {isa = PBXFileReference; lastKnownFileType = file.storyboard; name = Base; path = Base.lproj/LaunchScreen.storyboard; sourceTree = "<group>"; };
		929423A924F29130008B6B28 /* Info.plist */ = {isa = PBXFileReference; lastKnownFileType = text.plist.xml; path = Info.plist; sourceTree = "<group>"; };
/* End PBXFileReference section */

/* Begin PBXFrameworksBuildPhase section */
		9294239524F2912B008B6B28 /* Frameworks */ = {
			isa = PBXFrameworksBuildPhase;
			buildActionMask = 2147483647;
			files = (
				16400C0441A5F6797A79491E /* Pods_work.framework in Frameworks */,
			);
			runOnlyForDeploymentPostprocessing = 0;
		};
/* End PBXFrameworksBuildPhase section */

/* Begin PBXGroup section */
		50402DF1D9096B22A62FD9B1 /* Frameworks */ = {
			isa = PBXGroup;
			children = (
				8193F02EFE94A8EA1D4C3725 /* Pods_work.framework */,
			);
			name = Frameworks;
			sourceTree = "<group>";
		};
		72F824D6D73FD35994E222ED /* Pods */ = {
			isa = PBXGroup;
			children = (
				06B302982B41201CB4A05FCF /* Pods-work.debug.xcconfig */,
				2A117BCEAB915EC54A004ECF /* Pods-work.release.xcconfig */,
			);
			path = Pods;
			sourceTree = "<group>";
		};
		9205D5AF25012E250063DC2E /* View */ = {
			isa = PBXGroup;
			children = (
				9294239F24F2912B008B6B28 /* ViewController.swift */,
				92454B9324F4F3A50068C227 /* NameViewController.swift */,
				92454B9524F574B60068C227 /* EmailViewController.swift */,
				92177D3124F5B72F00AD45C6 /* PasswordViewController.swift */,
				92177D3324F5C52700AD45C6 /* HomeViewController.swift */,
			);
			path = View;
			sourceTree = "<group>";
		};
		9205D5B025012E410063DC2E /* Class */ = {
			isa = PBXGroup;
			children = (
				922DCA5626B77897009BB3D6 /* InputField.xib */,
				92039FC124FD52E6002A0637 /* InputField.swift */,
			);
			path = Class;
			sourceTree = "<group>";
		};
		9294238F24F2912A008B6B28 = {
			isa = PBXGroup;
			children = (
				9294239A24F2912B008B6B28 /* App */,
				9205D5B025012E410063DC2E /* Class */,
				9205D5AF25012E250063DC2E /* View */,
				9294239924F2912B008B6B28 /* Products */,
				72F824D6D73FD35994E222ED /* Pods */,
				50402DF1D9096B22A62FD9B1 /* Frameworks */,
			);
			sourceTree = "<group>";
		};
		9294239924F2912B008B6B28 /* Products */ = {
			isa = PBXGroup;
			children = (
				9294239824F2912B008B6B28 /* Bike Share App.app */,
			);
			name = Products;
			sourceTree = "<group>";
		};
		9294239A24F2912B008B6B28 /* App */ = {
			isa = PBXGroup;
			children = (
				9294239B24F2912B008B6B28 /* AppDelegate.swift */,
				9294239D24F2912B008B6B28 /* SceneDelegate.swift */,
				929423A124F2912B008B6B28 /* Main.storyboard */,
				929423A424F29130008B6B28 /* Assets.xcassets */,
				929423A624F29130008B6B28 /* LaunchScreen.storyboard */,
				929423A924F29130008B6B28 /* Info.plist */,
			);
			path = App;
			sourceTree = "<group>";
		};
/* End PBXGroup section */

/* Begin PBXNativeTarget section */
		9294239724F2912B008B6B28 /* work */ = {
			isa = PBXNativeTarget;
			buildConfigurationList = 929423AC24F29130008B6B28 /* Build configuration list for PBXNativeTarget "work" */;
			buildPhases = (
				513D1EF9E25BAD0A82F898CF /* [CP] Check Pods Manifest.lock */,
				9294239424F2912B008B6B28 /* Sources */,
				9294239524F2912B008B6B28 /* Frameworks */,
				9294239624F2912B008B6B28 /* Resources */,
				95DA4CB823CE45AEAF8B49ED /* [CP] Copy Pods Resources */,
			);
			buildRules = (
			);
			dependencies = (
			);
			name = work;
			productName = work;
			productReference = 9294239824F2912B008B6B28 /* Bike Share App.app */;
			productType = "com.apple.product-type.application";
		};
/* End PBXNativeTarget section */

/* Begin PBXProject section */
		9294239024F2912A008B6B28 /* Project object */ = {
			isa = PBXProject;
			attributes = {
				LastSwiftUpdateCheck = 1160;
				LastUpgradeCheck = 1160;
				ORGANIZATIONNAME = "Денис Наумов";
				TargetAttributes = {
					9294239724F2912B008B6B28 = {
						CreatedOnToolsVersion = 11.6;
					};
				};
			};
			buildConfigurationList = 9294239324F2912A008B6B28 /* Build configuration list for PBXProject "bikeapp" */;
			compatibilityVersion = "Xcode 9.3";
			developmentRegion = en;
			hasScannedForEncodings = 0;
			knownRegions = (
				en,
				Base,
			);
			mainGroup = 9294238F24F2912A008B6B28;
			productRefGroup = 9294239924F2912B008B6B28 /* Products */;
			projectDirPath = "";
			projectRoot = "";
			targets = (
				9294239724F2912B008B6B28 /* work */,
			);
		};
/* End PBXProject section */

/* Begin PBXResourcesBuildPhase section */
		9294239624F2912B008B6B28 /* Resources */ = {
			isa = PBXResourcesBuildPhase;
			buildActionMask = 2147483647;
			files = (
				929423A824F29130008B6B28 /* LaunchScreen.storyboard in Resources */,
				922DCA5926B78598009BB3D6 /* Main.storyboard in Resources */,
				922DCA5826B7856B009BB3D6 /* InputField.xib in Resources */,
				929423A524F29130008B6B28 /* Assets.xcassets in Resources */,
			);
			runOnlyForDeploymentPostprocessing = 0;
		};
/* End PBXResourcesBuildPhase section */

/* Begin PBXShellScriptBuildPhase section */
		513D1EF9E25BAD0A82F898CF /* [CP] Check Pods Manifest.lock */ = {
			isa = PBXShellScriptBuildPhase;
			buildActionMask = 2147483647;
			files = (
			);
			inputFileListPaths = (
			);
			inputPaths = (
				"${PODS_PODFILE_DIR_PATH}/Podfile.lock",
				"${PODS_ROOT}/Manifest.lock",
			);
			name = "[CP] Check Pods Manifest.lock";
			outputFileListPaths = (
			);
			outputPaths = (
				"$(DERIVED_FILE_DIR)/Pods-work-checkManifestLockResult.txt",
			);
			runOnlyForDeploymentPostprocessing = 0;
			shellPath = /bin/sh;
			shellScript = "diff \"${PODS_PODFILE_DIR_PATH}/Podfile.lock\" \"${PODS_ROOT}/Manifest.lock\" > /dev/null\nif [ $? != 0 ] ; then\n    # print error to STDERR\n    echo \"error: The sandbox is not in sync with the Podfile.lock. Run 'pod install' or update your CocoaPods installation.\" >&2\n    exit 1\nfi\n# This output is used by Xcode 'outputs' to avoid re-running this script phase.\necho \"SUCCESS\" > \"${SCRIPT_OUTPUT_FILE_0}\"\n";
			showEnvVarsInLog = 0;
		};
		95DA4CB823CE45AEAF8B49ED /* [CP] Copy Pods Resources */ = {
			isa = PBXShellScriptBuildPhase;
			buildActionMask = 2147483647;
			files = (
			);
			inputFileListPaths = (
				"${PODS_ROOT}/Target Support Files/Pods-work/Pods-work-resources-${CONFIGURATION}-input-files.xcfilelist",
			);
			name = "[CP] Copy Pods Resources";
			outputFileListPaths = (
				"${PODS_ROOT}/Target Support Files/Pods-work/Pods-work-resources-${CONFIGURATION}-output-files.xcfilelist",
			);
			runOnlyForDeploymentPostprocessing = 0;
			shellPath = /bin/sh;
			shellScript = "\"${PODS_ROOT}/Target Support Files/Pods-work/Pods-work-resources.sh\"\n";
			showEnvVarsInLog = 0;
		};
/* End PBXShellScriptBuildPhase section */

/* Begin PBXSourcesBuildPhase section */
		9294239424F2912B008B6B28 /* Sources */ = {
			isa = PBXSourcesBuildPhase;
			buildActionMask = 2147483647;
			files = (
				929423A024F2912B008B6B28 /* ViewController.swift in Sources */,
				9294239C24F2912B008B6B28 /* AppDelegate.swift in Sources */,
				9294239E24F2912B008B6B28 /* SceneDelegate.swift in Sources */,
				92454B9424F4F3A50068C227 /* NameViewController.swift in Sources */,
				92454B9624F574B60068C227 /* EmailViewController.swift in Sources */,
				92177D3224F5B72F00AD45C6 /* PasswordViewController.swift in Sources */,
				92177D3424F5C52700AD45C6 /* HomeViewController.swift in Sources */,
				92039FC224FD52E6002A0637 /* InputField.swift in Sources */,
			);
			runOnlyForDeploymentPostprocessing = 0;
		};
/* End PBXSourcesBuildPhase section */

/* Begin PBXVariantGroup section */
		929423A124F2912B008B6B28 /* Main.storyboard */ = {
			isa = PBXVariantGroup;
			children = (
				929423A224F2912B008B6B28 /* Base */,
			);
			name = Main.storyboard;
			sourceTree = "<group>";
		};
		929423A624F29130008B6B28 /* LaunchScreen.storyboard */ = {
			isa = PBXVariantGroup;
			children = (
				929423A724F29130008B6B28 /* Base */,
			);
			name = LaunchScreen.storyboard;
			sourceTree = "<group>";
		};
/* End PBXVariantGroup section */

/* Begin XCBuildConfiguration section */
		929423AA24F29130008B6B28 /* Debug */ = {
			isa = XCBuildConfiguration;
			buildSettings = {
				ALWAYS_SEARCH_USER_PATHS = NO;
				CLANG_ANALYZER_NONNULL = YES;
				CLANG_ANALYZER_NUMBER_OBJECT_CONVERSION = YES_AGGRESSIVE;
				CLANG_CXX_LANGUAGE_STANDARD = "gnu++14";
				CLANG_CXX_LIBRARY = "libc++";
				CLANG_ENABLE_MODULES = YES;
				CLANG_ENABLE_OBJC_ARC = YES;
				CLANG_ENABLE_OBJC_WEAK = YES;
				CLANG_WARN_BLOCK_CAPTURE_AUTORELEASING = YES;
				CLANG_WARN_BOOL_CONVERSION = YES;
				CLANG_WARN_COMMA = YES;
				CLANG_WARN_CONSTANT_CONVERSION = YES;
				CLANG_WARN_DEPRECATED_OBJC_IMPLEMENTATIONS = YES;
				CLANG_WARN_DIRECT_OBJC_ISA_USAGE = YES_ERROR;
				CLANG_WARN_DOCUMENTATION_COMMENTS = YES;
				CLANG_WARN_EMPTY_BODY = YES;
				CLANG_WARN_ENUM_CONVERSION = YES;
				CLANG_WARN_INFINITE_RECURSION = YES;
				CLANG_WARN_INT_CONVERSION = YES;
				CLANG_WARN_NON_LITERAL_NULL_CONVERSION = YES;
				CLANG_WARN_OBJC_IMPLICIT_RETAIN_SELF = YES;
				CLANG_WARN_OBJC_LITERAL_CONVERSION = YES;
				CLANG_WARN_OBJC_ROOT_CLASS = YES_ERROR;
				CLANG_WARN_RANGE_LOOP_ANALYSIS = YES;
				CLANG_WARN_STRICT_PROTOTYPES = YES;
				CLANG_WARN_SUSPICIOUS_MOVE = YES;
				CLANG_WARN_UNGUARDED_AVAILABILITY = YES_AGGRESSIVE;
				CLANG_WARN_UNREACHABLE_CODE = YES;
				CLANG_WARN__DUPLICATE_METHOD_MATCH = YES;
				COPY_PHASE_STRIP = NO;
				DEBUG_INFORMATION_FORMAT = dwarf;
				ENABLE_STRICT_OBJC_MSGSEND = YES;
				ENABLE_TESTABILITY = YES;
				GCC_C_LANGUAGE_STANDARD = gnu11;
				GCC_DYNAMIC_NO_PIC = NO;
				GCC_NO_COMMON_BLOCKS = YES;
				GCC_OPTIMIZATION_LEVEL = 0;
				GCC_PREPROCESSOR_DEFINITIONS = (
					"DEBUG=1",
					"$(inherited)",
				);
				GCC_WARN_64_TO_32_BIT_CONVERSION = YES;
				GCC_WARN_ABOUT_RETURN_TYPE = YES_ERROR;
				GCC_WARN_UNDECLARED_SELECTOR = YES;
				GCC_WARN_UNINITIALIZED_AUTOS = YES_AGGRESSIVE;
				GCC_WARN_UNUSED_FUNCTION = YES;
				GCC_WARN_UNUSED_VARIABLE = YES;
				IPHONEOS_DEPLOYMENT_TARGET = 13.6;
				MTL_ENABLE_DEBUG_INFO = INCLUDE_SOURCE;
				MTL_FAST_MATH = YES;
				ONLY_ACTIVE_ARCH = YES;
				SDKROOT = iphoneos;
				SWIFT_ACTIVE_COMPILATION_CONDITIONS = DEBUG;
				SWIFT_OPTIMIZATION_LEVEL = "-Onone";
			};
			name = Debug;
		};
		929423AB24F29130008B6B28 /* Release */ = {
			isa = XCBuildConfiguration;
			buildSettings = {
				ALWAYS_SEARCH_USER_PATHS = NO;
				CLANG_ANALYZER_NONNULL = YES;
				CLANG_ANALYZER_NUMBER_OBJECT_CONVERSION = YES_AGGRESSIVE;
				CLANG_CXX_LANGUAGE_STANDARD = "gnu++14";
				CLANG_CXX_LIBRARY = "libc++";
				CLANG_ENABLE_MODULES = YES;
				CLANG_ENABLE_OBJC_ARC = YES;
				CLANG_ENABLE_OBJC_WEAK = YES;
				CLANG_WARN_BLOCK_CAPTURE_AUTORELEASING = YES;
				CLANG_WARN_BOOL_CONVERSION = YES;
				CLANG_WARN_COMMA = YES;
				CLANG_WARN_CONSTANT_CONVERSION = YES;
				CLANG_WARN_DEPRECATED_OBJC_IMPLEMENTATIONS = YES;
				CLANG_WARN_DIRECT_OBJC_ISA_USAGE = YES_ERROR;
				CLANG_WARN_DOCUMENTATION_COMMENTS = YES;
				CLANG_WARN_EMPTY_BODY = YES;
				CLANG_WARN_ENUM_CONVERSION = YES;
				CLANG_WARN_INFINITE_RECURSION = YES;
				CLANG_WARN_INT_CONVERSION = YES;
				CLANG_WARN_NON_LITERAL_NULL_CONVERSION = YES;
				CLANG_WARN_OBJC_IMPLICIT_RETAIN_SELF = YES;
				CLANG_WARN_OBJC_LITERAL_CONVERSION = YES;
				CLANG_WARN_OBJC_ROOT_CLASS = YES_ERROR;
				CLANG_WARN_RANGE_LOOP_ANALYSIS = YES;
				CLANG_WARN_STRICT_PROTOTYPES = YES;
				CLANG_WARN_SUSPICIOUS_MOVE = YES;
				CLANG_WARN_UNGUARDED_AVAILABILITY = YES_AGGRESSIVE;
				CLANG_WARN_UNREACHABLE_CODE = YES;
				CLANG_WARN__DUPLICATE_METHOD_MATCH = YES;
				COPY_PHASE_STRIP = NO;
				DEBUG_INFORMATION_FORMAT = "dwarf-with-dsym";
				ENABLE_NS_ASSERTIONS = NO;
				ENABLE_STRICT_OBJC_MSGSEND = YES;
				GCC_C_LANGUAGE_STANDARD = gnu11;
				GCC_NO_COMMON_BLOCKS = YES;
				GCC_WARN_64_TO_32_BIT_CONVERSION = YES;
				GCC_WARN_ABOUT_RETURN_TYPE = YES_ERROR;
				GCC_WARN_UNDECLARED_SELECTOR = YES;
				GCC_WARN_UNINITIALIZED_AUTOS = YES_AGGRESSIVE;
				GCC_WARN_UNUSED_FUNCTION = YES;
				GCC_WARN_UNUSED_VARIABLE = YES;
				IPHONEOS_DEPLOYMENT_TARGET = 13.6;
				MTL_ENABLE_DEBUG_INFO = NO;
				MTL_FAST_MATH = YES;
				SDKROOT = iphoneos;
				SWIFT_COMPILATION_MODE = wholemodule;
				SWIFT_OPTIMIZATION_LEVEL = "-O";
				VALIDATE_PRODUCT = YES;
			};
			name = Release;
		};
		929423AD24F29130008B6B28 /* Debug */ = {
			isa = XCBuildConfiguration;
			baseConfigurationReference = 06B302982B41201CB4A05FCF /* Pods-work.debug.xcconfig */;
			buildSettings = {
				ASSETCATALOG_COMPILER_APPICON_NAME = AppIcon;
				CODE_SIGN_STYLE = Automatic;
				DEVELOPMENT_TEAM = MN6X8YP58P;
				INFOPLIST_FILE = App/Info.plist;
				LD_RUNPATH_SEARCH_PATHS = (
					"$(inherited)",
					"@executable_path/Frameworks",
				);
				PRODUCT_BUNDLE_IDENTIFIER = "home.bike-share";
				PRODUCT_NAME = "Bike Share App";
				SWIFT_VERSION = 5.0;
				TARGETED_DEVICE_FAMILY = "1,2";
			};
			name = Debug;
		};
		929423AE24F29130008B6B28 /* Release */ = {
			isa = XCBuildConfiguration;
			baseConfigurationReference = 2A117BCEAB915EC54A004ECF /* Pods-work.release.xcconfig */;
			buildSettings = {
				ASSETCATALOG_COMPILER_APPICON_NAME = AppIcon;
				CODE_SIGN_STYLE = Automatic;
				DEVELOPMENT_TEAM = MN6X8YP58P;
				INFOPLIST_FILE = App/Info.plist;
				LD_RUNPATH_SEARCH_PATHS = (
					"$(inherited)",
					"@executable_path/Frameworks",
				);
				PRODUCT_BUNDLE_IDENTIFIER = "home.bike-share";
				PRODUCT_NAME = "Bike Share App";
				SWIFT_VERSION = 5.0;
				TARGETED_DEVICE_FAMILY = "1,2";
			};
			name = Release;
		};
/* End XCBuildConfiguration section */

/* Begin XCConfigurationList section */
		9294239324F2912A008B6B28 /* Build configuration list for PBXProject "bikeapp" */ = {
			isa = XCConfigurationList;
			buildConfigurations = (
				929423AA24F29130008B6B28 /* Debug */,
				929423AB24F29130008B6B28 /* Release */,
			);
			defaultConfigurationIsVisible = 0;
			defaultConfigurationName = Release;
		};
		929423AC24F29130008B6B28 /* Build configuration list for PBXNativeTarget "work" */ = {
			isa = XCConfigurationList;
			buildConfigurations = (
				929423AD24F29130008B6B28 /* Debug */,
				929423AE24F29130008B6B28 /* Release */,
			);
			defaultConfigurationIsVisible = 0;
			defaultConfigurationName = Release;
		};
/* End XCConfigurationList section */
	};
	rootObject = 9294239024F2912A008B6B28 /* Project object */;
}
